version = 1
revision = 3
requires-python = ">=3.13"

[[package]]
name = "lora"
version = "0.1.0"
source = { editable = "." }
dependencies = [
    { name = "pygent-ai" },
]

[package.metadata]
requires-dist = [{ name = "pygent-ai", specifier = "==0.1.8" }]

[[package]]
name = "pygent-ai"
version = "0.1.8"
source = { registry = "https://pypi.org/simple" }
sdist = { url = "https://files.pythonhosted.org/packages/d7/99/6b0a5b1783dd2ec27a92e25afa221a30a31f746752ae06507145b6397cb9/pygent_ai-0.1.8.tar.gz", hash = "sha256:b7adc093878d42eb92f8ba879f939ea4b3cccd6545255a843b8e3105112294a6", size = 98994, upload-time = "2026-05-28T11:53:10.121Z" }
wheels = [
    { url = "https://files.pythonhosted.org/packages/4e/1c/0720e32288c33e467bd7ddeac34369410c61be7660d332c0ad140eb70ebf/pygent_ai-0.1.8-py3-none-any.whl", hash = "sha256:93f32c8aba29bdc3d13cf20384b99c03b021499cef7b9480273c6601e776dde7", size = 79991, upload-time = "2026-05-28T11:53:08.862Z" },
]
