version = 1
revision = 3
requires-python = ">=3.13"

[[package]]
name = "lora"
version = "0.1.0"
source = { editable = "." }
dependencies = [
    { name = "pygent-ai" },
]

[package.metadata]
requires-dist = [{ name = "pygent-ai", specifier = "==0.1.9" }]

[[package]]
name = "pygent-ai"
version = "0.1.9"
source = { registry = "https://pypi.org/simple" }
sdist = { url = "https://files.pythonhosted.org/packages/c9/b6/3b23565e7f8817da69709cf60ce35bbdf5d8504170aaa30d7c327913cb71/pygent_ai-0.1.9.tar.gz", hash = "sha256:83aee969f77c2be7b581c728ea8b834ad2154c67503e21bca6192e551da9487e", size = 97616, upload-time = "2026-05-29T02:34:56.213Z" }
wheels = [
    { url = "https://files.pythonhosted.org/packages/ea/a5/a70f5793c0245b09745be9a1a9f001475f24769835a850d09a96e92bb08e/pygent_ai-0.1.9-py3-none-any.whl", hash = "sha256:5807b54e66cfae7cc6cf9ae260cbc6241c360b83f4b71d821f91dd11783509ec", size = 78975, upload-time = "2026-05-29T02:34:54.955Z" },
]
